# generated by rye
# use `rye lock` or `rye sync` to update this lockfile
#
# last locked with the following flags:
#   pre: false
#   features: []
#   all-features: false
#   with-sources: false
#   generate-hashes: false
#   universal: false

appscript==1.4.0
    # via xlwings
lxml==6.1.0
    # via appscript
psutil==7.2.2
    # via xlwings
pyyaml==6.0.3
xlwings==0.35.1
