version = 1
revision = 3
requires-python = ">=3.9"

[[package]]
name = "formulon"
version = "0.9.6"
source = { editable = "." }
dependencies = [
    { name = "wasmtime" },
]

[package.metadata]
requires-dist = [{ name = "wasmtime", specifier = ">=20,<45" }]

[[package]]
name = "wasmtime"
version = "44.0.0"
source = { registry = "https://pypi.org/simple" }
sdist = { url = "https://files.pythonhosted.org/packages/cd/9f/b9e08200c362af1f08ca3f50b54a05573b9cca840cb981e70bdfe1658b24/wasmtime-44.0.0.tar.gz", hash = "sha256:1e5e7a7046136054e12f82101a9b5ce30b02d4f92946e6fbe3e2fced61a6b1a5", size = 120544, upload-time = "2026-04-20T22:20:23.782Z" }
wheels = [
    { url = "https://files.pythonhosted.org/packages/27/e6/756c5b1bbccb394cc86a29f47ddb9b764e05a429742bec4fdfd499b61481/wasmtime-44.0.0-py3-none-android_26_arm64_v8a.whl", hash = "sha256:5bc01e2f1dae1e85b19343a718bf2b1dc9f0fa6b9f8c5f2922b9fb4b29fb56bd", size = 7985484, upload-time = "2026-04-20T22:20:00.463Z" },
    { url = "https://files.pythonhosted.org/packages/6e/a6/5dac42dfa129042cac70d3d07bb8568d7b6319222333733de7a392cf109f/wasmtime-44.0.0-py3-none-android_26_x86_64.whl", hash = "sha256:2e7db391e7cd274c3608bf22a2b2706bfbcc44a233c9a62277f0f03f9e0f48ad", size = 8922840, upload-time = "2026-04-20T22:20:02.782Z" },
    { url = "https://files.pythonhosted.org/packages/2a/aa/19e06d2a24cffe8c6af2de28862bfc02f3cef745e24d4886787db6c3d64d/wasmtime-44.0.0-py3-none-any.whl", hash = "sha256:28903f584fd9707438551ed3878bad61d841be78c715db4e20bf30e43b185825", size = 7426512, upload-time = "2026-04-20T22:20:05.068Z" },
    { url = "https://files.pythonhosted.org/packages/33/04/672333a17f941605daab1a2b0a1f67c079526c564b7d70d5a233ce6ccfc1/wasmtime-44.0.0-py3-none-macosx_10_13_x86_64.whl", hash = "sha256:019923321cf9244ed48d8f3858e50a93500a523c44b31d7b93c8c30195c4b9aa", size = 8717123, upload-time = "2026-04-20T22:20:06.707Z" },
    { url = "https://files.pythonhosted.org/packages/48/3f/53f3989a32d0cd0b8345e93e4d7e162e7b392ad8dac4fd59ec284b4c7172/wasmtime-44.0.0-py3-none-macosx_11_0_arm64.whl", hash = "sha256:07e96eb5bbf40473ea51f2cb3b3f5358537e41644662e02115edf5bd7883c9ca", size = 7626477, upload-time = "2026-04-20T22:20:09.092Z" },
    { url = "https://files.pythonhosted.org/packages/c5/c1/9c64ed6c2d152b56482bb66297bfc03442d25449bfa91da7bf2e58a80f01/wasmtime-44.0.0-py3-none-manylinux1_x86_64.whl", hash = "sha256:f8d5bbd234bb99f9e94e284fba67b5e899ddebe2d4be7384f78396bdd4ce27a6", size = 8999749, upload-time = "2026-04-20T22:20:10.825Z" },
    { url = "https://files.pythonhosted.org/packages/bf/27/bca7dcadebfbe6a304e84f85f8921a7c0dde6711b42bec14f2f4d23b1023/wasmtime-44.0.0-py3-none-manylinux2014_aarch64.whl", hash = "sha256:e686644bcddfec89095c9fd982b0848ab5e494ece865517214a63430b2ed08f8", size = 7943253, upload-time = "2026-04-20T22:20:13.442Z" },
    { url = "https://files.pythonhosted.org/packages/da/f0/dc7bec6880abbdf3944e728df03e4479b9f25c860e57f499d48140f740d3/wasmtime-44.0.0-py3-none-musllinux_1_2_aarch64.whl", hash = "sha256:7326e8cc02b583a7817cf50029d8e9b06c13d2f3573b3e677dbe51a8c52245d7", size = 8002385, upload-time = "2026-04-20T22:20:15.287Z" },
    { url = "https://files.pythonhosted.org/packages/78/e6/5ebd6db7014a64e715febd3346cf0f48b3f8d216720ddfbd798a07a16e31/wasmtime-44.0.0-py3-none-musllinux_1_2_x86_64.whl", hash = "sha256:a7840d7d81e59ff666067031b3bde727ff28f923c5040b1a3cae4d8d37340f18", size = 9023000, upload-time = "2026-04-20T22:20:17.42Z" },
    { url = "https://files.pythonhosted.org/packages/b4/3f/a32a7cc777f1ee3d314cbe99280b4b5e322423ef9ff84dbac7a1897d4230/wasmtime-44.0.0-py3-none-win_amd64.whl", hash = "sha256:4b5c52475148f827abd9feff4460689f6979c0333b612c6c3d9211c4b7c7258d", size = 7426518, upload-time = "2026-04-20T22:20:19.633Z" },
    { url = "https://files.pythonhosted.org/packages/78/66/acf3821098944ca1f0118052912ee3bf1d941ff979d4adf3ad3684672fe8/wasmtime-44.0.0-py3-none-win_arm64.whl", hash = "sha256:931cd4d886ae6a2a06f5cfe47bf6f7a3b2635fa512a81cd1c55975505ace8cc1", size = 6342611, upload-time = "2026-04-20T22:20:21.909Z" },
]
