version = 1
revision = 3
requires-python = ">=3.9"

[[package]]
name = "formulon"
version = "0.12.0"
source = { editable = "." }
dependencies = [
    { name = "wasmtime" },
]

[package.metadata]
requires-dist = [{ name = "wasmtime", specifier = ">=49,<50" }]

[[package]]
name = "wasmtime"
version = "49.0.0"
source = { registry = "https://pypi.org/simple" }
sdist = { url = "https://files.pythonhosted.org/packages/48/7e/eb4b868529a2ae444cd24ea3c2cf1dd6dd2ce8d67ed4fb27b4e84529a1bf/wasmtime-49.0.0.tar.gz", hash = "sha256:fe0bf510ebdaf9432b756e320d2da2347f159e241f468c961b95164ab06cfdc1", size = 129562, upload-time = "2026-09-21T18:59:02.159Z" }
wheels = [
    { url = "https://files.pythonhosted.org/packages/d0/17/33c1df06ddf0ae5e085def2f4cbe1cc7aa79af1619f624e71cdca1c7138e/wasmtime-49.0.0-py3-none-android_26_arm64_v8a.whl", hash = "sha256:376c60e195b22bbe07b10d517ed4a83bbcc1896df0065e523dd4801b22570a8c", size = 8981381, upload-time = "2026-09-21T18:58:34.69Z" },
    { url = "https://files.pythonhosted.org/packages/9c/fc/a5b6fba6132de20494526a1b600612a4a0e10ca4c49f3fb005685ff0c86d/wasmtime-49.0.0-py3-none-android_26_x86_64.whl", hash = "sha256:0153c9d5fe061dd21e761f47cd65be36bf6656970c52df034e4db4871ad2b11a", size = 9928209, upload-time = "2026-09-21T18:58:37.753Z" },
    { url = "https://files.pythonhosted.org/packages/17/3a/ff1b49ef5f66a2cfe6ff24eee44e092927fcc8e8374216fbd7de094320c7/wasmtime-49.0.0-py3-none-any.whl", hash = "sha256:3afc071340d9bb0cdf0fc0213e670c6c06ac193f2d73caf9b92d928496e49a51", size = 8262567, upload-time = "2026-09-21T18:58:40.244Z" },
    { url = "https://files.pythonhosted.org/packages/9f/1b/2595e986f3f283b2942c410d655917064e4e8126b082d354cb1dea4db2fc/wasmtime-49.0.0-py3-none-macosx_10_13_x86_64.whl", hash = "sha256:839225359e01360974795bd7869c25d4305da96627df0af360b0668e20ecf1fb", size = 9460810, upload-time = "2026-09-21T18:58:42.183Z" },
    { url = "https://files.pythonhosted.org/packages/b7/c1/2333bb9b9364c28b4d113853d4e002e6ee3ee8d87d33b413dfdb220ce4d1/wasmtime-49.0.0-py3-none-macosx_11_0_arm64.whl", hash = "sha256:de98d6282c61d5dd4dc1ff1b410936ceb6fff3a27439e9cab51a375b8da2ec2f", size = 8438112, upload-time = "2026-09-21T18:58:44.747Z" },
    { url = "https://files.pythonhosted.org/packages/6b/49/d62b41a6ae9063681bb6af018ff49b75d49f853bbf672c7ddebedf21d69e/wasmtime-49.0.0-py3-none-manylinux1_x86_64.whl", hash = "sha256:94f0288f9e1c33924995a72bb769f4c4e2885002391589dd6992cdaa35d1990a", size = 9919038, upload-time = "2026-09-21T18:58:47.212Z" },
    { url = "https://files.pythonhosted.org/packages/9c/f4/7889eb2fdbb11423e61f442af218441e0ae5749452bf8d2c1ade4ce630c5/wasmtime-49.0.0-py3-none-manylinux2014_aarch64.whl", hash = "sha256:263b924576d9519c43d5a1acff50a03ab03209d16d26c53543c9ab9a409fb93f", size = 8853040, upload-time = "2026-09-21T18:58:50.112Z" },
    { url = "https://files.pythonhosted.org/packages/d1/8b/fb187eaed30738ce4b1f8ecdbb0be1b4c1750269ed63605286e253153329/wasmtime-49.0.0-py3-none-musllinux_1_2_aarch64.whl", hash = "sha256:8ab7e74c730bdda9613a8cd28b54aafa9e7f5d64aaff1a808751ccb142a76994", size = 8911214, upload-time = "2026-09-21T18:58:52.449Z" },
    { url = "https://files.pythonhosted.org/packages/2d/b6/32cd30e1a38a06e01499aa50274a91b175a09b64754a06a0680e9881aa12/wasmtime-49.0.0-py3-none-musllinux_1_2_x86_64.whl", hash = "sha256:7198903d53c63673acdbe4753594703d090842c4c9e050d2d4ff14ecfebed00f", size = 9948354, upload-time = "2026-09-21T18:58:56.016Z" },
    { url = "https://files.pythonhosted.org/packages/c7/41/b1d78d0ea1506abfa3005c8a50eee724b95a9cffbb2a0ed541f0965f5ab9/wasmtime-49.0.0-py3-none-win_amd64.whl", hash = "sha256:46a4e4220fd1bee45ad9c29a73cadad54373dad840eff104726490527bc7ef89", size = 8262572, upload-time = "2026-09-21T18:58:58.58Z" },
    { url = "https://files.pythonhosted.org/packages/5d/fe/484658110d9b6ff54f4c16104f1313489432568a7eeb61b5bcf2c045a5ab/wasmtime-49.0.0-py3-none-win_arm64.whl", hash = "sha256:95ab8d3da870f38202f11c0933650cbdf014885335fcd407d6ae1a6b3d647599", size = 7157718, upload-time = "2026-09-21T18:59:00.864Z" },
]
